
Microsoft Visual Studio Solution File, Format Version 12.00
# Visual Studio Version 16
VisualStudioVersion = 16.0.30804.86
MinimumVisualStudioVersion = 10.0.40219.1
Project("{FAE04EC0-301F-11D3-BF4B-00C04F79EFBC}") = "WindowsFormsApp1", "WindowsFormsApp1\WindowsFormsApp1.csproj", "{64BABA12-2C3A-4298-A68E-B247E3C15D00}"
EndProject
Project("{FAE04EC0-301F-11D3-BF4B-00C04F79EFBC}") = "Aax_Logger", "Aax_Logger\Aax_Logger.csproj", "{BEF014C1-F7C5-474C-94B5-E06D29FB2E30}"
EndProject
Global
	GlobalSection(SolutionConfigurationPlatforms) = preSolution
		Debug|Any CPU = Debug|Any CPU
		Release|Any CPU = Release|Any CPU
	EndGlobalSection
	GlobalSection(ProjectConfigurationPlatforms) = postSolution
		{64BABA12-2C3A-4298-A68E-B247E3C15D00}.Debug|Any CPU.ActiveCfg = Debug|Any CPU
		{64BABA12-2C3A-4298-A68E-B247E3C15D00}.Debug|Any CPU.Build.0 = Debug|Any CPU
		{64BABA12-2C3A-4298-A68E-B247E3C15D00}.Release|Any CPU.ActiveCfg = Release|Any CPU
		{64BABA12-2C3A-4298-A68E-B247E3C15D00}.Release|Any CPU.Build.0 = Release|Any CPU
		{BEF014C1-F7C5-474C-94B5-E06D29FB2E30}.Debug|Any CPU.ActiveCfg = Debug|Any CPU
		{BEF014C1-F7C5-474C-94B5-E06D29FB2E30}.Debug|Any CPU.Build.0 = Debug|Any CPU
		{BEF014C1-F7C5-474C-94B5-E06D29FB2E30}.Release|Any CPU.ActiveCfg = Release|Any CPU
		{BEF014C1-F7C5-474C-94B5-E06D29FB2E30}.Release|Any CPU.Build.0 = Release|Any CPU
	EndGlobalSection
	GlobalSection(SolutionProperties) = preSolution
		HideSolutionNode = FALSE
	EndGlobalSection
	GlobalSection(ExtensibilityGlobals) = postSolution
		SolutionGuid = {D274EF76-E81F-4341-982C-F1C94BD4F5ED}
	EndGlobalSection
EndGlobal
